// !$*UTF8*$!
{
	archiveVersion = 1;
	classes = {
	};
	objectVersion = 55;
	objects = {

/* Begin PBXBuildFile section */
		0F22A2222896FC7900012C08 /* ChatTableView.swift in Sources */ = {isa = PBXBuildFile; fileRef = 0F22A2212896FC7900012C08 /* ChatTableView.swift */; };
		0F51ED6F2894775A00E71017 /* GoogleService-Info.plist in Resources */ = {isa = PBXBuildFile; fileRef = 0F51ED6E2894775900E71017 /* GoogleService-Info.plist */; };
		0F5953662893557F00F4B258 /* chattyApp.swift in Sources */ = {isa = PBXBuildFile; fileRef = 0F5953652893557F00F4B258 /* chattyApp.swift */; };
		0F5953682893557F00F4B258 /* WelcomeView.swift in Sources */ = {isa = PBXBuildFile; fileRef = 0F5953672893557F00F4B258 /* WelcomeView.swift */; };
		0F59536A2893558000F4B258 /* Assets.xcassets in Resources */ = {isa = PBXBuildFile; fileRef = 0F5953692893558000F4B258 /* Assets.xcassets */; };
		0F59536D2893558000F4B258 /* Preview Assets.xcassets in Resources */ = {isa = PBXBuildFile; fileRef = 0F59536C2893558000F4B258 /* Preview Assets.xcassets */; };
		0F59537428935F5200F4B258 /* SignInView.swift in Sources */ = {isa = PBXBuildFile; fileRef = 0F59537328935F5200F4B258 /* SignInView.swift */; };
		0F5953762893653A00F4B258 /* SignUpView.swift in Sources */ = {isa = PBXBuildFile; fileRef = 0F5953752893653A00F4B258 /* SignUpView.swift */; };
		0F5D0FE028A1AC5000C5EE65 /* CurrentUser.swift in Sources */ = {isa = PBXBuildFile; fileRef = 0F5D0FDF28A1AC5000C5EE65 /* CurrentUser.swift */; };
		0F7C2577289C572C0062EC25 /* ForgotPasswordView.swift in Sources */ = {isa = PBXBuildFile; fileRef = 0F7C2576289C572C0062EC25 /* ForgotPasswordView.swift */; };
		0F7C2579289C7F660062EC25 /* ChatView.swift in Sources */ = {isa = PBXBuildFile; fileRef = 0F7C2578289C7F660062EC25 /* ChatView.swift */; };
		0FC0365328AED79500B6CAEB /* ContactsListView.swift in Sources */ = {isa = PBXBuildFile; fileRef = 0FC0365228AED79500B6CAEB /* ContactsListView.swift */; };
		0FF1D94C289DC3CF00D7C5EF /* EditProfileView.swift in Sources */ = {isa = PBXBuildFile; fileRef = 0FF1D94B289DC3CF00D7C5EF /* EditProfileView.swift */; };
		0FF1D94E289DC44500D7C5EF /* SettingView.swift in Sources */ = {isa = PBXBuildFile; fileRef = 0FF1D94D289DC44500D7C5EF /* SettingView.swift */; };
		0FF33EF128AD64030073BAF5 /* FirebaseAuth in Frameworks */ = {isa = PBXBuildFile; productRef = 0FF33EF028AD64030073BAF5 /* FirebaseAuth */; };
		0FF33EF328AD64030073BAF5 /* FirebaseDatabase in Frameworks */ = {isa = PBXBuildFile; productRef = 0FF33EF228AD64030073BAF5 /* FirebaseDatabase */; };
		0FF33EF528AD64030073BAF5 /* FirebaseFirestore in Frameworks */ = {isa = PBXBuildFile; productRef = 0FF33EF428AD64030073BAF5 /* FirebaseFirestore */; };
		0FF33EF728AD64030073BAF5 /* FirebaseMessaging in Frameworks */ = {isa = PBXBuildFile; productRef = 0FF33EF628AD64030073BAF5 /* FirebaseMessaging */; };
		0FF33EF928AD64030073BAF5 /* FirebaseStorage in Frameworks */ = {isa = PBXBuildFile; productRef = 0FF33EF828AD64030073BAF5 /* FirebaseStorage */; };
		0FF68E3B28A2B8A400AE3FDA /* ImagePicker.swift in Sources */ = {isa = PBXBuildFile; fileRef = 0FF68E3A28A2B8A400AE3FDA /* ImagePicker.swift */; };
		0FF68E3D28A2BE0700AE3FDA /* ChangepasswordView.swift in Sources */ = {isa = PBXBuildFile; fileRef = 0FF68E3C28A2BE0700AE3FDA /* ChangepasswordView.swift */; };
		0FF68E3F28A30ED300AE3FDA /* MainView.swift in Sources */ = {isa = PBXBuildFile; fileRef = 0FF68E3E28A30ED300AE3FDA /* MainView.swift */; };
/* End PBXBuildFile section */

/* Begin PBXFileReference section */
		0F22A2212896FC7900012C08 /* ChatTableView.swift */ = {isa = PBXFileReference; lastKnownFileType = sourcecode.swift; path = ChatTableView.swift; sourceTree = "<group>"; };
		0F51ED6E2894775900E71017 /* GoogleService-Info.plist */ = {isa = PBXFileReference; fileEncoding = 4; lastKnownFileType = text.plist.xml; name = "GoogleService-Info.plist"; path = "../../../../Downloads/GoogleService-Info.plist"; sourceTree = "<group>"; };
		0F5953622893557F00F4B258 /* chatty.app */ = {isa = PBXFileReference; explicitFileType = wrapper.application; includeInIndex = 0; path = chatty.app; sourceTree = BUILT_PRODUCTS_DIR; };
		0F5953652893557F00F4B258 /* chattyApp.swift */ = {isa = PBXFileReference; lastKnownFileType = sourcecode.swift; path = chattyApp.swift; sourceTree = "<group>"; };
		0F5953672893557F00F4B258 /* WelcomeView.swift */ = {isa = PBXFileReference; lastKnownFileType = sourcecode.swift; path = WelcomeView.swift; sourceTree = "<group>"; };
		0F5953692893558000F4B258 /* Assets.xcassets */ = {isa = PBXFileReference; lastKnownFileType = folder.assetcatalog; path = Assets.xcassets; sourceTree = "<group>"; };
		0F59536C2893558000F4B258 /* Preview Assets.xcassets */ = {isa = PBXFileReference; lastKnownFileType = folder.assetcatalog; path = "Preview Assets.xcassets"; sourceTree = "<group>"; };
		0F59537328935F5200F4B258 /* SignInView.swift */ = {isa = PBXFileReference; lastKnownFileType = sourcecode.swift; path = SignInView.swift; sourceTree = "<group>"; };
		0F5953752893653A00F4B258 /* SignUpView.swift */ = {isa = PBXFileReference; lastKnownFileType = sourcecode.swift; path = SignUpView.swift; sourceTree = "<group>"; };
		0F5D0FDF28A1AC5000C5EE65 /* CurrentUser.swift */ = {isa = PBXFileReference; lastKnownFileType = sourcecode.swift; path = CurrentUser.swift; sourceTree = "<group>"; };
		0F7C2576289C572C0062EC25 /* ForgotPasswordView.swift */ = {isa = PBXFileReference; lastKnownFileType = sourcecode.swift; path = ForgotPasswordView.swift; sourceTree = "<group>"; };
		0F7C2578289C7F660062EC25 /* ChatView.swift */ = {isa = PBXFileReference; lastKnownFileType = sourcecode.swift; path = ChatView.swift; sourceTree = "<group>"; };
		0FC0365228AED79500B6CAEB /* ContactsListView.swift */ = {isa = PBXFileReference; lastKnownFileType = sourcecode.swift; path = ContactsListView.swift; sourceTree = "<group>"; };
		0FF1D94B289DC3CF00D7C5EF /* EditProfileView.swift */ = {isa = PBXFileReference; lastKnownFileType = sourcecode.swift; path = EditProfileView.swift; sourceTree = "<group>"; };
		0FF1D94D289DC44500D7C5EF /* SettingView.swift */ = {isa = PBXFileReference; lastKnownFileType = sourcecode.swift; path = SettingView.swift; sourceTree = "<group>"; };
		0FF68E3A28A2B8A400AE3FDA /* ImagePicker.swift */ = {isa = PBXFileReference; lastKnownFileType = sourcecode.swift; path = ImagePicker.swift; sourceTree = "<group>"; };
		0FF68E3C28A2BE0700AE3FDA /* ChangepasswordView.swift */ = {isa = PBXFileReference; lastKnownFileType = sourcecode.swift; path = ChangepasswordView.swift; sourceTree = "<group>"; };
		0FF68E3E28A30ED300AE3FDA /* MainView.swift */ = {isa = PBXFileReference; lastKnownFileType = sourcecode.swift; path = MainView.swift; sourceTree = "<group>"; };
/* End PBXFileReference section */

/* Begin PBXFrameworksBuildPhase section */
		0F59535F2893557F00F4B258 /* Frameworks */ = {
			isa = PBXFrameworksBuildPhase;
			buildActionMask = 2147483647;
			files = (
				0FF33EF728AD64030073BAF5 /* FirebaseMessaging in Frameworks */,
				0FF33EF328AD64030073BAF5 /* FirebaseDatabase in Frameworks */,
				0FF33EF128AD64030073BAF5 /* FirebaseAuth in Frameworks */,
				0FF33EF928AD64030073BAF5 /* FirebaseStorage in Frameworks */,
				0FF33EF528AD64030073BAF5 /* FirebaseFirestore in Frameworks */,
			);
			runOnlyForDeploymentPostprocessing = 0;
		};
/* End PBXFrameworksBuildPhase section */

/* Begin PBXGroup section */
		0F5953592893557F00F4B258 = {
			isa = PBXGroup;
			children = (
				0F5953642893557F00F4B258 /* chatty */,
				0F5953632893557F00F4B258 /* Products */,
			);
			sourceTree = "<group>";
		};
		0F5953632893557F00F4B258 /* Products */ = {
			isa = PBXGroup;
			children = (
				0F5953622893557F00F4B258 /* chatty.app */,
			);
			name = Products;
			sourceTree = "<group>";
		};
		0F5953642893557F00F4B258 /* chatty */ = {
			isa = PBXGroup;
			children = (
				0F5953652893557F00F4B258 /* chattyApp.swift */,
				0F5953672893557F00F4B258 /* WelcomeView.swift */,
				0F5953752893653A00F4B258 /* SignUpView.swift */,
				0F59537328935F5200F4B258 /* SignInView.swift */,
				0F7C2576289C572C0062EC25 /* ForgotPasswordView.swift */,
				0FF68E3E28A30ED300AE3FDA /* MainView.swift */,
				0FC0365228AED79500B6CAEB /* ContactsListView.swift */,
				0F22A2212896FC7900012C08 /* ChatTableView.swift */,
				0F7C2578289C7F660062EC25 /* ChatView.swift */,
				0FF1D94D289DC44500D7C5EF /* SettingView.swift */,
				0FF1D94B289DC3CF00D7C5EF /* EditProfileView.swift */,
				0FF68E3C28A2BE0700AE3FDA /* ChangepasswordView.swift */,
				0F5D0FDF28A1AC5000C5EE65 /* CurrentUser.swift */,
				0F5953692893558000F4B258 /* Assets.xcassets */,
				0F51ED6E2894775900E71017 /* GoogleService-Info.plist */,
				0F59536B2893558000F4B258 /* Preview Content */,
				0FF68E3A28A2B8A400AE3FDA /* ImagePicker.swift */,
			);
			path = chatty;
			sourceTree = "<group>";
		};
		0F59536B2893558000F4B258 /* Preview Content */ = {
			isa = PBXGroup;
			children = (
				0F59536C2893558000F4B258 /* Preview Assets.xcassets */,
			);
			path = "Preview Content";
			sourceTree = "<group>";
		};
/* End PBXGroup section */

/* Begin PBXNativeTarget section */
		0F5953612893557F00F4B258 /* chatty */ = {
			isa = PBXNativeTarget;
			buildConfigurationList = 0F5953702893558000F4B258 /* Build configuration list for PBXNativeTarget "chatty" */;
			buildPhases = (
				0F59535E2893557F00F4B258 /* Sources */,
				0F59535F2893557F00F4B258 /* Frameworks */,
				0F5953602893557F00F4B258 /* Resources */,
			);
			buildRules = (
			);
			dependencies = (
			);
			name = chatty;
			packageProductDependencies = (
				0FF33EF028AD64030073BAF5 /* FirebaseAuth */,
				0FF33EF228AD64030073BAF5 /* FirebaseDatabase */,
				0FF33EF428AD64030073BAF5 /* FirebaseFirestore */,
				0FF33EF628AD64030073BAF5 /* FirebaseMessaging */,
				0FF33EF828AD64030073BAF5 /* FirebaseStorage */,
			);
			productName = chatty;
			productReference = 0F5953622893557F00F4B258 /* chatty.app */;
			productType = "com.apple.product-type.application";
		};
/* End PBXNativeTarget section */

/* Begin PBXProject section */
		0F59535A2893557F00F4B258 /* Project object */ = {
			isa = PBXProject;
			attributes = {
				BuildIndependentTargetsInParallel = 1;
				LastSwiftUpdateCheck = 1340;
				LastUpgradeCheck = 1340;
				TargetAttributes = {
					0F5953612893557F00F4B258 = {
						CreatedOnToolsVersion = 13.4;
					};
				};
			};
			buildConfigurationList = 0F59535D2893557F00F4B258 /* Build configuration list for PBXProject "chatty" */;
			compatibilityVersion = "Xcode 13.0";
			developmentRegion = en;
			hasScannedForEncodings = 0;
			knownRegions = (
				en,
				Base,
			);
			mainGroup = 0F5953592893557F00F4B258;
			packageReferences = (
				0FF33EEF28AD64030073BAF5 /* XCRemoteSwiftPackageReference "firebase-ios-sdk" */,
			);
			productRefGroup = 0F5953632893557F00F4B258 /* Products */;
			projectDirPath = "";
			projectRoot = "";
			targets = (
				0F5953612893557F00F4B258 /* chatty */,
			);
		};
/* End PBXProject section */

/* Begin PBXResourcesBuildPhase section */
		0F5953602893557F00F4B258 /* Resources */ = {
			isa = PBXResourcesBuildPhase;
			buildActionMask = 2147483647;
			files = (
				0F59536D2893558000F4B258 /* Preview Assets.xcassets in Resources */,
				0F59536A2893558000F4B258 /* Assets.xcassets in Resources */,
				0F51ED6F2894775A00E71017 /* GoogleService-Info.plist in Resources */,
			);
			runOnlyForDeploymentPostprocessing = 0;
		};
/* End PBXResourcesBuildPhase section */

/* Begin PBXSourcesBuildPhase section */
		0F59535E2893557F00F4B258 /* Sources */ = {
			isa = PBXSourcesBuildPhase;
			buildActionMask = 2147483647;
			files = (
				0F5953762893653A00F4B258 /* SignUpView.swift in Sources */,
				0FF68E3F28A30ED300AE3FDA /* MainView.swift in Sources */,
				0F22A2222896FC7900012C08 /* ChatTableView.swift in Sources */,
				0F5D0FE028A1AC5000C5EE65 /* CurrentUser.swift in Sources */,
				0FF1D94C289DC3CF00D7C5EF /* EditProfileView.swift in Sources */,
				0FF1D94E289DC44500D7C5EF /* SettingView.swift in Sources */,
				0F59537428935F5200F4B258 /* SignInView.swift in Sources */,
				0F5953682893557F00F4B258 /* WelcomeView.swift in Sources */,
				0FF68E3D28A2BE0700AE3FDA /* ChangepasswordView.swift in Sources */,
				0FF68E3B28A2B8A400AE3FDA /* ImagePicker.swift in Sources */,
				0F7C2579289C7F660062EC25 /* ChatView.swift in Sources */,
				0F7C2577289C572C0062EC25 /* ForgotPasswordView.swift in Sources */,
				0F5953662893557F00F4B258 /* chattyApp.swift in Sources */,
				0FC0365328AED79500B6CAEB /* ContactsListView.swift in Sources */,
			);
			runOnlyForDeploymentPostprocessing = 0;
		};
/* End PBXSourcesBuildPhase section */

/* Begin XCBuildConfiguration section */
		0F59536E2893558000F4B258 /* Debug */ = {
			isa = XCBuildConfiguration;
			buildSettings = {
				ALWAYS_SEARCH_USER_PATHS = NO;
				CLANG_ANALYZER_NONNULL = YES;
				CLANG_ANALYZER_NUMBER_OBJECT_CONVERSION = YES_AGGRESSIVE;
				CLANG_CXX_LANGUAGE_STANDARD = "gnu++17";
				CLANG_ENABLE_MODULES = YES;
				CLANG_ENABLE_OBJC_ARC = YES;
				CLANG_ENABLE_OBJC_WEAK = YES;
				CLANG_WARN_BLOCK_CAPTURE_AUTORELEASING = YES;
				CLANG_WARN_BOOL_CONVERSION = YES;
				CLANG_WARN_COMMA = YES;
				CLANG_WARN_CONSTANT_CONVERSION = YES;
				CLANG_WARN_DEPRECATED_OBJC_IMPLEMENTATIONS = YES;
				CLANG_WARN_DIRECT_OBJC_ISA_USAGE = YES_ERROR;
				CLANG_WARN_DOCUMENTATION_COMMENTS = YES;
				CLANG_WARN_EMPTY_BODY = YES;
				CLANG_WARN_ENUM_CONVERSION = YES;
				CLANG_WARN_INFINITE_RECURSION = YES;
				CLANG_WARN_INT_CONVERSION = YES;
				CLANG_WARN_NON_LITERAL_NULL_CONVERSION = YES;
				CLANG_WARN_OBJC_IMPLICIT_RETAIN_SELF = YES;
				CLANG_WARN_OBJC_LITERAL_CONVERSION = YES;
				CLANG_WARN_OBJC_ROOT_CLASS = YES_ERROR;
				CLANG_WARN_QUOTED_INCLUDE_IN_FRAMEWORK_HEADER = YES;
				CLANG_WARN_RANGE_LOOP_ANALYSIS = YES;
				CLANG_WARN_STRICT_PROTOTYPES = YES;
				CLANG_WARN_SUSPICIOUS_MOVE = YES;
				CLANG_WARN_UNGUARDED_AVAILABILITY = YES_AGGRESSIVE;
				CLANG_WARN_UNREACHABLE_CODE = YES;
				CLANG_WARN__DUPLICATE_METHOD_MATCH = YES;
				COPY_PHASE_STRIP = NO;
				DEBUG_INFORMATION_FORMAT = dwarf;
				ENABLE_STRICT_OBJC_MSGSEND = YES;
				ENABLE_TESTABILITY = YES;
				GCC_C_LANGUAGE_STANDARD = gnu11;
				GCC_DYNAMIC_NO_PIC = NO;
				GCC_NO_COMMON_BLOCKS = YES;
				GCC_OPTIMIZATION_LEVEL = 0;
				GCC_PREPROCESSOR_DEFINITIONS = (
					"DEBUG=1",
					"$(inherited)",
				);
				GCC_WARN_64_TO_32_BIT_CONVERSION = YES;
				GCC_WARN_ABOUT_RETURN_TYPE = YES_ERROR;
				GCC_WARN_UNDECLARED_SELECTOR = YES;
				GCC_WARN_UNINITIALIZED_AUTOS = YES_AGGRESSIVE;
				GCC_WARN_UNUSED_FUNCTION = YES;
				GCC_WARN_UNUSED_VARIABLE = YES;
				IPHONEOS_DEPLOYMENT_TARGET = 15.5;
				MTL_ENABLE_DEBUG_INFO = INCLUDE_SOURCE;
				MTL_FAST_MATH = YES;
				ONLY_ACTIVE_ARCH = YES;
				SDKROOT = iphoneos;
				SWIFT_ACTIVE_COMPILATION_CONDITIONS = DEBUG;
				SWIFT_OPTIMIZATION_LEVEL = "-Onone";
			};
			name = Debug;
		};
		0F59536F2893558000F4B258 /* Release */ = {
			isa = XCBuildConfiguration;
			buildSettings = {
				ALWAYS_SEARCH_USER_PATHS = NO;
				CLANG_ANALYZER_NONNULL = YES;
				CLANG_ANALYZER_NUMBER_OBJECT_CONVERSION = YES_AGGRESSIVE;
				CLANG_CXX_LANGUAGE_STANDARD = "gnu++17";
				CLANG_ENABLE_MODULES = YES;
				CLANG_ENABLE_OBJC_ARC = YES;
				CLANG_ENABLE_OBJC_WEAK = YES;
				CLANG_WARN_BLOCK_CAPTURE_AUTORELEASING = YES;
				CLANG_WARN_BOOL_CONVERSION = YES;
				CLANG_WARN_COMMA = YES;
				CLANG_WARN_CONSTANT_CONVERSION = YES;
				CLANG_WARN_DEPRECATED_OBJC_IMPLEMENTATIONS = YES;
				CLANG_WARN_DIRECT_OBJC_ISA_USAGE = YES_ERROR;
				CLANG_WARN_DOCUMENTATION_COMMENTS = YES;
				CLANG_WARN_EMPTY_BODY = YES;
				CLANG_WARN_ENUM_CONVERSION = YES;
				CLANG_WARN_INFINITE_RECURSION = YES;
				CLANG_WARN_INT_CONVERSION = YES;
				CLANG_WARN_NON_LITERAL_NULL_CONVERSION = YES;
				CLANG_WARN_OBJC_IMPLICIT_RETAIN_SELF = YES;
				CLANG_WARN_OBJC_LITERAL_CONVERSION = YES;
				CLANG_WARN_OBJC_ROOT_CLASS = YES_ERROR;
				CLANG_WARN_QUOTED_INCLUDE_IN_FRAMEWORK_HEADER = YES;
				CLANG_WARN_RANGE_LOOP_ANALYSIS = YES;
				CLANG_WARN_STRICT_PROTOTYPES = YES;
				CLANG_WARN_SUSPICIOUS_MOVE = YES;
				CLANG_WARN_UNGUARDED_AVAILABILITY = YES_AGGRESSIVE;
				CLANG_WARN_UNREACHABLE_CODE = YES;
				CLANG_WARN__DUPLICATE_METHOD_MATCH = YES;
				COPY_PHASE_STRIP = NO;
				DEBUG_INFORMATION_FORMAT = "dwarf-with-dsym";
				ENABLE_NS_ASSERTIONS = NO;
				ENABLE_STRICT_OBJC_MSGSEND = YES;
				GCC_C_LANGUAGE_STANDARD = gnu11;
				GCC_NO_COMMON_BLOCKS = YES;
				GCC_WARN_64_TO_32_BIT_CONVERSION = YES;
				GCC_WARN_ABOUT_RETURN_TYPE = YES_ERROR;
				GCC_WARN_UNDECLARED_SELECTOR = YES;
				GCC_WARN_UNINITIALIZED_AUTOS = YES_AGGRESSIVE;
				GCC_WARN_UNUSED_FUNCTION = YES;
				GCC_WARN_UNUSED_VARIABLE = YES;
				IPHONEOS_DEPLOYMENT_TARGET = 15.5;
				MTL_ENABLE_DEBUG_INFO = NO;
				MTL_FAST_MATH = YES;
				SDKROOT = iphoneos;
				SWIFT_COMPILATION_MODE = wholemodule;
				SWIFT_OPTIMIZATION_LEVEL = "-O";
				VALIDATE_PRODUCT = YES;
			};
			name = Release;
		};
		0F5953712893558000F4B258 /* Debug */ = {
			isa = XCBuildConfiguration;
			buildSettings = {
				ASSETCATALOG_COMPILER_APPICON_NAME = AppIcon;
				ASSETCATALOG_COMPILER_GLOBAL_ACCENT_COLOR_NAME = AccentColor;
				CODE_SIGN_STYLE = Automatic;
				CURRENT_PROJECT_VERSION = 1;
				DEVELOPMENT_ASSET_PATHS = "\"chatty/Preview Content\"";
				DEVELOPMENT_TEAM = 66MQ5QVH5G;
				ENABLE_PREVIEWS = YES;
				GENERATE_INFOPLIST_FILE = YES;
				INFOPLIST_KEY_UIApplicationSceneManifest_Generation = YES;
				INFOPLIST_KEY_UIApplicationSupportsIndirectInputEvents = YES;
				INFOPLIST_KEY_UILaunchScreen_Generation = YES;
				INFOPLIST_KEY_UISupportedInterfaceOrientations = UIInterfaceOrientationPortrait;
				INFOPLIST_KEY_UISupportedInterfaceOrientations_iPad = "UIInterfaceOrientationPortrait UIInterfaceOrientationPortraitUpsideDown UIInterfaceOrientationLandscapeLeft UIInterfaceOrientationLandscapeRight";
				INFOPLIST_KEY_UISupportedInterfaceOrientations_iPhone = "UIInterfaceOrientationPortrait UIInterfaceOrientationLandscapeLeft UIInterfaceOrientationLandscapeRight";
				IPHONEOS_DEPLOYMENT_TARGET = 15.5;
				LD_RUNPATH_SEARCH_PATHS = (
					"$(inherited)",
					"@executable_path/Frameworks",
				);
				MARKETING_VERSION = 1.0;
				PRODUCT_BUNDLE_IDENTIFIER = com.neginzahedi.chatty;
				PRODUCT_NAME = "$(TARGET_NAME)";
				SWIFT_EMIT_LOC_STRINGS = YES;
				SWIFT_VERSION = 5.0;
				TARGETED_DEVICE_FAMILY = 1;
			};
			name = Debug;
		};
		0F5953722893558000F4B258 /* Release */ = {
			isa = XCBuildConfiguration;
			buildSettings = {
				ASSETCATALOG_COMPILER_APPICON_NAME = AppIcon;
				ASSETCATALOG_COMPILER_GLOBAL_ACCENT_COLOR_NAME = AccentColor;
				CODE_SIGN_STYLE = Automatic;
				CURRENT_PROJECT_VERSION = 1;
				DEVELOPMENT_ASSET_PATHS = "\"chatty/Preview Content\"";
				DEVELOPMENT_TEAM = 66MQ5QVH5G;
				ENABLE_PREVIEWS = YES;
				GENERATE_INFOPLIST_FILE = YES;
				INFOPLIST_KEY_UIApplicationSceneManifest_Generation = YES;
				INFOPLIST_KEY_UIApplicationSupportsIndirectInputEvents = YES;
				INFOPLIST_KEY_UILaunchScreen_Generation = YES;
				INFOPLIST_KEY_UISupportedInterfaceOrientations = UIInterfaceOrientationPortrait;
				INFOPLIST_KEY_UISupportedInterfaceOrientations_iPad = "UIInterfaceOrientationPortrait UIInterfaceOrientationPortraitUpsideDown UIInterfaceOrientationLandscapeLeft UIInterfaceOrientationLandscapeRight";
				INFOPLIST_KEY_UISupportedInterfaceOrientations_iPhone = "UIInterfaceOrientationPortrait UIInterfaceOrientationLandscapeLeft UIInterfaceOrientationLandscapeRight";
				IPHONEOS_DEPLOYMENT_TARGET = 15.5;
				LD_RUNPATH_SEARCH_PATHS = (
					"$(inherited)",
					"@executable_path/Frameworks",
				);
				MARKETING_VERSION = 1.0;
				PRODUCT_BUNDLE_IDENTIFIER = com.neginzahedi.chatty;
				PRODUCT_NAME = "$(TARGET_NAME)";
				SWIFT_EMIT_LOC_STRINGS = YES;
				SWIFT_VERSION = 5.0;
				TARGETED_DEVICE_FAMILY = 1;
			};
			name = Release;
		};
/* End XCBuildConfiguration section */

/* Begin XCConfigurationList section */
		0F59535D2893557F00F4B258 /* Build configuration list for PBXProject "chatty" */ = {
			isa = XCConfigurationList;
			buildConfigurations = (
				0F59536E2893558000F4B258 /* Debug */,
				0F59536F2893558000F4B258 /* Release */,
			);
			defaultConfigurationIsVisible = 0;
			defaultConfigurationName = Release;
		};
		0F5953702893558000F4B258 /* Build configuration list for PBXNativeTarget "chatty" */ = {
			isa = XCConfigurationList;
			buildConfigurations = (
				0F5953712893558000F4B258 /* Debug */,
				0F5953722893558000F4B258 /* Release */,
			);
			defaultConfigurationIsVisible = 0;
			defaultConfigurationName = Release;
		};
/* End XCConfigurationList section */

/* Begin XCRemoteSwiftPackageReference section */
		0FF33EEF28AD64030073BAF5 /* XCRemoteSwiftPackageReference "firebase-ios-sdk" */ = {
			isa = XCRemoteSwiftPackageReference;
			repositoryURL = "https://github.com/firebase/firebase-ios-sdk";
			requirement = {
				branch = master;
				kind = branch;
			};
		};
/* End XCRemoteSwiftPackageReference section */

/* Begin XCSwiftPackageProductDependency section */
		0FF33EF028AD64030073BAF5 /* FirebaseAuth */ = {
			isa = XCSwiftPackageProductDependency;
			package = 0FF33EEF28AD64030073BAF5 /* XCRemoteSwiftPackageReference "firebase-ios-sdk" */;
			productName = FirebaseAuth;
		};
		0FF33EF228AD64030073BAF5 /* FirebaseDatabase */ = {
			isa = XCSwiftPackageProductDependency;
			package = 0FF33EEF28AD64030073BAF5 /* XCRemoteSwiftPackageReference "firebase-ios-sdk" */;
			productName = FirebaseDatabase;
		};
		0FF33EF428AD64030073BAF5 /* FirebaseFirestore */ = {
			isa = XCSwiftPackageProductDependency;
			package = 0FF33EEF28AD64030073BAF5 /* XCRemoteSwiftPackageReference "firebase-ios-sdk" */;
			productName = FirebaseFirestore;
		};
		0FF33EF628AD64030073BAF5 /* FirebaseMessaging */ = {
			isa = XCSwiftPackageProductDependency;
			package = 0FF33EEF28AD64030073BAF5 /* XCRemoteSwiftPackageReference "firebase-ios-sdk" */;
			productName = FirebaseMessaging;
		};
		0FF33EF828AD64030073BAF5 /* FirebaseStorage */ = {
			isa = XCSwiftPackageProductDependency;
			package = 0FF33EEF28AD64030073BAF5 /* XCRemoteSwiftPackageReference "firebase-ios-sdk" */;
			productName = FirebaseStorage;
		};
/* End XCSwiftPackageProductDependency section */
	};
	rootObject = 0F59535A2893557F00F4B258 /* Project object */;
}
