// !$*UTF8*$!
{
	archiveVersion = 1;
	classes = {
	};
	objectVersion = 55;
	objects = {

/* Begin PBXBuildFile section */
		0F1C669C291089FF0062F40A /* ChatUser.swift in Sources */ = {isa = PBXBuildFile; fileRef = 0F1C669B291089FF0062F40A /* ChatUser.swift */; };
		0F1C669E2910A7740062F40A /* RecentMessage.swift in Sources */ = {isa = PBXBuildFile; fileRef = 0F1C669D2910A7740062F40A /* RecentMessage.swift */; };
		0F22A2222896FC7900012C08 /* ChatTableView.swift in Sources */ = {isa = PBXBuildFile; fileRef = 0F22A2212896FC7900012C08 /* ChatTableView.swift */; };
		0F2343A428B2D2F000872586 /* SDWebImageSwiftUI in Frameworks */ = {isa = PBXBuildFile; productRef = 0F2343A328B2D2F000872586 /* SDWebImageSwiftUI */; };
		0F2D2DB82918691700CA289C /* ChatMessage.swift in Sources */ = {isa = PBXBuildFile; fileRef = 0F2D2DB72918691700CA289C /* ChatMessage.swift */; };
		0F50B441290B4722002E0D3B /* ChangeUsernameView.swift in Sources */ = {isa = PBXBuildFile; fileRef = 0F50B440290B4722002E0D3B /* ChangeUsernameView.swift */; };
		0F50B443290B4B6C002E0D3B /* ChangeStatusView.swift in Sources */ = {isa = PBXBuildFile; fileRef = 0F50B442290B4B6C002E0D3B /* ChangeStatusView.swift */; };
		0F5933E82919D6EE00104D78 /* Extentions.swift in Sources */ = {isa = PBXBuildFile; fileRef = 0F5933E72919D6EE00104D78 /* Extentions.swift */; };
		0F5953662893557F00F4B258 /* chattyApp.swift in Sources */ = {isa = PBXBuildFile; fileRef = 0F5953652893557F00F4B258 /* chattyApp.swift */; };
		0F5953682893557F00F4B258 /* WelcomeView.swift in Sources */ = {isa = PBXBuildFile; fileRef = 0F5953672893557F00F4B258 /* WelcomeView.swift */; };
		0F59536A2893558000F4B258 /* Assets.xcassets in Resources */ = {isa = PBXBuildFile; fileRef = 0F5953692893558000F4B258 /* Assets.xcassets */; };
		0F59536D2893558000F4B258 /* Preview Assets.xcassets in Resources */ = {isa = PBXBuildFile; fileRef = 0F59536C2893558000F4B258 /* Preview Assets.xcassets */; };
		0F59537428935F5200F4B258 /* SignInView.swift in Sources */ = {isa = PBXBuildFile; fileRef = 0F59537328935F5200F4B258 /* SignInView.swift */; };
		0F5953762893653A00F4B258 /* SignUpView.swift in Sources */ = {isa = PBXBuildFile; fileRef = 0F5953752893653A00F4B258 /* SignUpView.swift */; };
		0F5D0FE028A1AC5000C5EE65 /* CurrentUser.swift in Sources */ = {isa = PBXBuildFile; fileRef = 0F5D0FDF28A1AC5000C5EE65 /* CurrentUser.swift */; };
		0F5D833129177489000D598E /* NewMessageSheetView.swift in Sources */ = {isa = PBXBuildFile; fileRef = 0F5D833029177489000D598E /* NewMessageSheetView.swift */; };
		0F5D83332917754A000D598E /* NewMessageSheetViewModel.swift in Sources */ = {isa = PBXBuildFile; fileRef = 0F5D83322917754A000D598E /* NewMessageSheetViewModel.swift */; };
		0F7C2577289C572C0062EC25 /* ForgotPasswordView.swift in Sources */ = {isa = PBXBuildFile; fileRef = 0F7C2576289C572C0062EC25 /* ForgotPasswordView.swift */; };
		0F7C2579289C7F660062EC25 /* ChatView.swift in Sources */ = {isa = PBXBuildFile; fileRef = 0F7C2578289C7F660062EC25 /* ChatView.swift */; };
		0F7E2CB528B18715000EAF30 /* FirebaseManager.swift in Sources */ = {isa = PBXBuildFile; fileRef = 0F7E2CB428B18715000EAF30 /* FirebaseManager.swift */; };
		0F8001E628EC9E6600CA8265 /* Constant.swift in Sources */ = {isa = PBXBuildFile; fileRef = 0F8001E528EC9E6600CA8265 /* Constant.swift */; };
		0F8001E828ECB30A00CA8265 /* ContactsViewModel.swift in Sources */ = {isa = PBXBuildFile; fileRef = 0F8001E728ECB30A00CA8265 /* ContactsViewModel.swift */; };
		0F8001EA28ECB69B00CA8265 /* AddContactViewModel.swift in Sources */ = {isa = PBXBuildFile; fileRef = 0F8001E928ECB69B00CA8265 /* AddContactViewModel.swift */; };
		0F9A4AAD28C122A100734709 /* ChatViewModel.swift in Sources */ = {isa = PBXBuildFile; fileRef = 0F9A4AAC28C122A100734709 /* ChatViewModel.swift */; };
		0FADF06428FA019200D4DEC5 /* ContactViewModel.swift in Sources */ = {isa = PBXBuildFile; fileRef = 0FADF06328FA019200D4DEC5 /* ContactViewModel.swift */; };
		0FBB6E672909997100B1BC98 /* MotherView.swift in Sources */ = {isa = PBXBuildFile; fileRef = 0FBB6E662909997100B1BC98 /* MotherView.swift */; };
		0FBB6E6B29099A5C00B1BC98 /* ViewRouter.swift in Sources */ = {isa = PBXBuildFile; fileRef = 0FBB6E6A29099A5C00B1BC98 /* ViewRouter.swift */; };
		0FBC8C2A28BBD37500EE45EE /* MainViewModel.swift in Sources */ = {isa = PBXBuildFile; fileRef = 0FBC8C2928BBD37500EE45EE /* MainViewModel.swift */; };
		0FC0365328AED79500B6CAEB /* ContactsView.swift in Sources */ = {isa = PBXBuildFile; fileRef = 0FC0365228AED79500B6CAEB /* ContactsView.swift */; };
		0FC0929028D11425008EBF16 /* GoogleService-Info.plist in Resources */ = {isa = PBXBuildFile; fileRef = 0FC0928F28D11425008EBF16 /* GoogleService-Info.plist */; };
		0FC19EED28B00BBA00AE310D /* ContactView.swift in Sources */ = {isa = PBXBuildFile; fileRef = 0FC19EEC28B00BBA00AE310D /* ContactView.swift */; };
		0FC19EEF28B0105700AE310D /* ContactUser.swift in Sources */ = {isa = PBXBuildFile; fileRef = 0FC19EEE28B0105600AE310D /* ContactUser.swift */; };
		0FDA6C3B291A0890001983CD /* FirebaseAuth in Frameworks */ = {isa = PBXBuildFile; productRef = 0FDA6C3A291A0890001983CD /* FirebaseAuth */; };
		0FDA6C3D291A0890001983CD /* FirebaseFirestore in Frameworks */ = {isa = PBXBuildFile; productRef = 0FDA6C3C291A0890001983CD /* FirebaseFirestore */; };
		0FDA6C3F291A0890001983CD /* FirebaseFirestoreSwift in Frameworks */ = {isa = PBXBuildFile; productRef = 0FDA6C3E291A0890001983CD /* FirebaseFirestoreSwift */; };
		0FDA6C41291A0890001983CD /* FirebaseStorage in Frameworks */ = {isa = PBXBuildFile; productRef = 0FDA6C40291A0890001983CD /* FirebaseStorage */; };
		0FDEBC9D28B68BF8004FC8A0 /* AddContactView.swift in Sources */ = {isa = PBXBuildFile; fileRef = 0FDEBC9C28B68BF8004FC8A0 /* AddContactView.swift */; };
		0FEDA7C328EE34C400F1000D /* ChatTableViewModel.swift in Sources */ = {isa = PBXBuildFile; fileRef = 0FEDA7C228EE34C400F1000D /* ChatTableViewModel.swift */; };
		0FF1D94C289DC3CF00D7C5EF /* EditProfileView.swift in Sources */ = {isa = PBXBuildFile; fileRef = 0FF1D94B289DC3CF00D7C5EF /* EditProfileView.swift */; };
		0FF1D94E289DC44500D7C5EF /* SettingsView.swift in Sources */ = {isa = PBXBuildFile; fileRef = 0FF1D94D289DC44500D7C5EF /* SettingsView.swift */; };
		0FF68E3B28A2B8A400AE3FDA /* ImagePicker.swift in Sources */ = {isa = PBXBuildFile; fileRef = 0FF68E3A28A2B8A400AE3FDA /* ImagePicker.swift */; };
		0FF68E3D28A2BE0700AE3FDA /* ChangepasswordView.swift in Sources */ = {isa = PBXBuildFile; fileRef = 0FF68E3C28A2BE0700AE3FDA /* ChangepasswordView.swift */; };
		0FF68E3F28A30ED300AE3FDA /* MainView.swift in Sources */ = {isa = PBXBuildFile; fileRef = 0FF68E3E28A30ED300AE3FDA /* MainView.swift */; };
/* End PBXBuildFile section */

/* Begin PBXFileReference section */
		0F1C669B291089FF0062F40A /* ChatUser.swift */ = {isa = PBXFileReference; lastKnownFileType = sourcecode.swift; path = ChatUser.swift; sourceTree = "<group>"; };
		0F1C669D2910A7740062F40A /* RecentMessage.swift */ = {isa = PBXFileReference; lastKnownFileType = sourcecode.swift; path = RecentMessage.swift; sourceTree = "<group>"; };
		0F22A2212896FC7900012C08 /* ChatTableView.swift */ = {isa = PBXFileReference; lastKnownFileType = sourcecode.swift; path = ChatTableView.swift; sourceTree = "<group>"; };
		0F2D2DB72918691700CA289C /* ChatMessage.swift */ = {isa = PBXFileReference; lastKnownFileType = sourcecode.swift; path = ChatMessage.swift; sourceTree = "<group>"; };
		0F50B440290B4722002E0D3B /* ChangeUsernameView.swift */ = {isa = PBXFileReference; lastKnownFileType = sourcecode.swift; path = ChangeUsernameView.swift; sourceTree = "<group>"; };
		0F50B442290B4B6C002E0D3B /* ChangeStatusView.swift */ = {isa = PBXFileReference; lastKnownFileType = sourcecode.swift; path = ChangeStatusView.swift; sourceTree = "<group>"; };
		0F5933E72919D6EE00104D78 /* Extentions.swift */ = {isa = PBXFileReference; lastKnownFileType = sourcecode.swift; path = Extentions.swift; sourceTree = "<group>"; };
		0F5953622893557F00F4B258 /* chatty.app */ = {isa = PBXFileReference; explicitFileType = wrapper.application; includeInIndex = 0; path = chatty.app; sourceTree = BUILT_PRODUCTS_DIR; };
		0F5953652893557F00F4B258 /* chattyApp.swift */ = {isa = PBXFileReference; lastKnownFileType = sourcecode.swift; path = chattyApp.swift; sourceTree = "<group>"; };
		0F5953672893557F00F4B258 /* WelcomeView.swift */ = {isa = PBXFileReference; lastKnownFileType = sourcecode.swift; path = WelcomeView.swift; sourceTree = "<group>"; };
		0F5953692893558000F4B258 /* Assets.xcassets */ = {isa = PBXFileReference; lastKnownFileType = folder.assetcatalog; path = Assets.xcassets; sourceTree = "<group>"; };
		0F59536C2893558000F4B258 /* Preview Assets.xcassets */ = {isa = PBXFileReference; lastKnownFileType = folder.assetcatalog; path = "Preview Assets.xcassets"; sourceTree = "<group>"; };
		0F59537328935F5200F4B258 /* SignInView.swift */ = {isa = PBXFileReference; lastKnownFileType = sourcecode.swift; path = SignInView.swift; sourceTree = "<group>"; };
		0F5953752893653A00F4B258 /* SignUpView.swift */ = {isa = PBXFileReference; lastKnownFileType = sourcecode.swift; path = SignUpView.swift; sourceTree = "<group>"; };
		0F5D0FDF28A1AC5000C5EE65 /* CurrentUser.swift */ = {isa = PBXFileReference; lastKnownFileType = sourcecode.swift; path = CurrentUser.swift; sourceTree = "<group>"; };
		0F5D833029177489000D598E /* NewMessageSheetView.swift */ = {isa = PBXFileReference; lastKnownFileType = sourcecode.swift; path = NewMessageSheetView.swift; sourceTree = "<group>"; };
		0F5D83322917754A000D598E /* NewMessageSheetViewModel.swift */ = {isa = PBXFileReference; lastKnownFileType = sourcecode.swift; path = NewMessageSheetViewModel.swift; sourceTree = "<group>"; };
		0F7C2576289C572C0062EC25 /* ForgotPasswordView.swift */ = {isa = PBXFileReference; lastKnownFileType = sourcecode.swift; path = ForgotPasswordView.swift; sourceTree = "<group>"; };
		0F7C2578289C7F660062EC25 /* ChatView.swift */ = {isa = PBXFileReference; lastKnownFileType = sourcecode.swift; path = ChatView.swift; sourceTree = "<group>"; };
		0F7E2CB428B18715000EAF30 /* FirebaseManager.swift */ = {isa = PBXFileReference; lastKnownFileType = sourcecode.swift; path = FirebaseManager.swift; sourceTree = "<group>"; };
		0F8001E528EC9E6600CA8265 /* Constant.swift */ = {isa = PBXFileReference; lastKnownFileType = sourcecode.swift; path = Constant.swift; sourceTree = "<group>"; };
		0F8001E728ECB30A00CA8265 /* ContactsViewModel.swift */ = {isa = PBXFileReference; lastKnownFileType = sourcecode.swift; path = ContactsViewModel.swift; sourceTree = "<group>"; };
		0F8001E928ECB69B00CA8265 /* AddContactViewModel.swift */ = {isa = PBXFileReference; lastKnownFileType = sourcecode.swift; path = AddContactViewModel.swift; sourceTree = "<group>"; };
		0F9A4AAC28C122A100734709 /* ChatViewModel.swift */ = {isa = PBXFileReference; lastKnownFileType = sourcecode.swift; path = ChatViewModel.swift; sourceTree = "<group>"; };
		0FADF06328FA019200D4DEC5 /* ContactViewModel.swift */ = {isa = PBXFileReference; lastKnownFileType = sourcecode.swift; path = ContactViewModel.swift; sourceTree = "<group>"; };
		0FBB6E662909997100B1BC98 /* MotherView.swift */ = {isa = PBXFileReference; lastKnownFileType = sourcecode.swift; path = MotherView.swift; sourceTree = "<group>"; };
		0FBB6E6A29099A5C00B1BC98 /* ViewRouter.swift */ = {isa = PBXFileReference; lastKnownFileType = sourcecode.swift; path = ViewRouter.swift; sourceTree = "<group>"; };
		0FBC8C2928BBD37500EE45EE /* MainViewModel.swift */ = {isa = PBXFileReference; lastKnownFileType = sourcecode.swift; path = MainViewModel.swift; sourceTree = "<group>"; };
		0FC0365228AED79500B6CAEB /* ContactsView.swift */ = {isa = PBXFileReference; lastKnownFileType = sourcecode.swift; path = ContactsView.swift; sourceTree = "<group>"; };
		0FC0928F28D11425008EBF16 /* GoogleService-Info.plist */ = {isa = PBXFileReference; fileEncoding = 4; lastKnownFileType = text.plist.xml; name = "GoogleService-Info.plist"; path = "../../../GoogleService-Info.plist"; sourceTree = "<group>"; };
		0FC19EEC28B00BBA00AE310D /* ContactView.swift */ = {isa = PBXFileReference; lastKnownFileType = sourcecode.swift; path = ContactView.swift; sourceTree = "<group>"; };
		0FC19EEE28B0105600AE310D /* ContactUser.swift */ = {isa = PBXFileReference; lastKnownFileType = sourcecode.swift; path = ContactUser.swift; sourceTree = "<group>"; };
		0FDEBC9C28B68BF8004FC8A0 /* AddContactView.swift */ = {isa = PBXFileReference; lastKnownFileType = sourcecode.swift; path = AddContactView.swift; sourceTree = "<group>"; };
		0FEDA7C228EE34C400F1000D /* ChatTableViewModel.swift */ = {isa = PBXFileReference; lastKnownFileType = sourcecode.swift; path = ChatTableViewModel.swift; sourceTree = "<group>"; };
		0FF1D94B289DC3CF00D7C5EF /* EditProfileView.swift */ = {isa = PBXFileReference; lastKnownFileType = sourcecode.swift; path = EditProfileView.swift; sourceTree = "<group>"; };
		0FF1D94D289DC44500D7C5EF /* SettingsView.swift */ = {isa = PBXFileReference; lastKnownFileType = sourcecode.swift; path = SettingsView.swift; sourceTree = "<group>"; };
		0FF68E3A28A2B8A400AE3FDA /* ImagePicker.swift */ = {isa = PBXFileReference; lastKnownFileType = sourcecode.swift; path = ImagePicker.swift; sourceTree = "<group>"; };
		0FF68E3C28A2BE0700AE3FDA /* ChangepasswordView.swift */ = {isa = PBXFileReference; lastKnownFileType = sourcecode.swift; path = ChangepasswordView.swift; sourceTree = "<group>"; };
		0FF68E3E28A30ED300AE3FDA /* MainView.swift */ = {isa = PBXFileReference; lastKnownFileType = sourcecode.swift; path = MainView.swift; sourceTree = "<group>"; };
/* End PBXFileReference section */

/* Begin PBXFrameworksBuildPhase section */
		0F59535F2893557F00F4B258 /* Frameworks */ = {
			isa = PBXFrameworksBuildPhase;
			buildActionMask = 2147483647;
			files = (
				0F2343A428B2D2F000872586 /* SDWebImageSwiftUI in Frameworks */,
				0FDA6C3B291A0890001983CD /* FirebaseAuth in Frameworks */,
				0FDA6C3D291A0890001983CD /* FirebaseFirestore in Frameworks */,
				0FDA6C41291A0890001983CD /* FirebaseStorage in Frameworks */,
				0FDA6C3F291A0890001983CD /* FirebaseFirestoreSwift in Frameworks */,
			);
			runOnlyForDeploymentPostprocessing = 0;
		};
/* End PBXFrameworksBuildPhase section */

/* Begin PBXGroup section */
		0F2343A028B2885600872586 /* View */ = {
			isa = PBXGroup;
			children = (
				0FBB6E662909997100B1BC98 /* MotherView.swift */,
				0F5953672893557F00F4B258 /* WelcomeView.swift */,
				0F5953752893653A00F4B258 /* SignUpView.swift */,
				0F59537328935F5200F4B258 /* SignInView.swift */,
				0F7C2576289C572C0062EC25 /* ForgotPasswordView.swift */,
				0FF68E3E28A30ED300AE3FDA /* MainView.swift */,
				0FF1D94D289DC44500D7C5EF /* SettingsView.swift */,
				0FF1D94B289DC3CF00D7C5EF /* EditProfileView.swift */,
				0F50B440290B4722002E0D3B /* ChangeUsernameView.swift */,
				0F50B442290B4B6C002E0D3B /* ChangeStatusView.swift */,
				0FF68E3C28A2BE0700AE3FDA /* ChangepasswordView.swift */,
				0F22A2212896FC7900012C08 /* ChatTableView.swift */,
				0F7C2578289C7F660062EC25 /* ChatView.swift */,
				0F5D833029177489000D598E /* NewMessageSheetView.swift */,
				0FC0365228AED79500B6CAEB /* ContactsView.swift */,
				0FC19EEC28B00BBA00AE310D /* ContactView.swift */,
				0FDEBC9C28B68BF8004FC8A0 /* AddContactView.swift */,
			);
			path = View;
			sourceTree = "<group>";
		};
		0F2343A128B2885A00872586 /* ViewModel */ = {
			isa = PBXGroup;
			children = (
				0FBC8C2928BBD37500EE45EE /* MainViewModel.swift */,
				0FEDA7C228EE34C400F1000D /* ChatTableViewModel.swift */,
				0F9A4AAC28C122A100734709 /* ChatViewModel.swift */,
				0F8001E728ECB30A00CA8265 /* ContactsViewModel.swift */,
				0FADF06328FA019200D4DEC5 /* ContactViewModel.swift */,
				0F8001E928ECB69B00CA8265 /* AddContactViewModel.swift */,
				0F5D83322917754A000D598E /* NewMessageSheetViewModel.swift */,
			);
			path = ViewModel;
			sourceTree = "<group>";
		};
		0F5953592893557F00F4B258 = {
			isa = PBXGroup;
			children = (
				0F5953642893557F00F4B258 /* chatty */,
				0F5953632893557F00F4B258 /* Products */,
			);
			sourceTree = "<group>";
		};
		0F5953632893557F00F4B258 /* Products */ = {
			isa = PBXGroup;
			children = (
				0F5953622893557F00F4B258 /* chatty.app */,
			);
			name = Products;
			sourceTree = "<group>";
		};
		0F5953642893557F00F4B258 /* chatty */ = {
			isa = PBXGroup;
			children = (
				0F5953652893557F00F4B258 /* chattyApp.swift */,
				0F2343A028B2885600872586 /* View */,
				0F7E2CB328B131DC000EAF30 /* Model */,
				0F2343A128B2885A00872586 /* ViewModel */,
				0F5953692893558000F4B258 /* Assets.xcassets */,
				0FC0928F28D11425008EBF16 /* GoogleService-Info.plist */,
				0F59536B2893558000F4B258 /* Preview Content */,
			);
			path = chatty;
			sourceTree = "<group>";
		};
		0F59536B2893558000F4B258 /* Preview Content */ = {
			isa = PBXGroup;
			children = (
				0F59536C2893558000F4B258 /* Preview Assets.xcassets */,
			);
			path = "Preview Content";
			sourceTree = "<group>";
		};
		0F7E2CB328B131DC000EAF30 /* Model */ = {
			isa = PBXGroup;
			children = (
				0F7E2CB428B18715000EAF30 /* FirebaseManager.swift */,
				0FC19EEE28B0105600AE310D /* ContactUser.swift */,
				0F5D0FDF28A1AC5000C5EE65 /* CurrentUser.swift */,
				0FF68E3A28A2B8A400AE3FDA /* ImagePicker.swift */,
				0F8001E528EC9E6600CA8265 /* Constant.swift */,
				0FBB6E6A29099A5C00B1BC98 /* ViewRouter.swift */,
				0F1C669B291089FF0062F40A /* ChatUser.swift */,
				0F1C669D2910A7740062F40A /* RecentMessage.swift */,
				0F2D2DB72918691700CA289C /* ChatMessage.swift */,
				0F5933E72919D6EE00104D78 /* Extentions.swift */,
			);
			path = Model;
			sourceTree = "<group>";
		};
/* End PBXGroup section */

/* Begin PBXNativeTarget section */
		0F5953612893557F00F4B258 /* chatty */ = {
			isa = PBXNativeTarget;
			buildConfigurationList = 0F5953702893558000F4B258 /* Build configuration list for PBXNativeTarget "chatty" */;
			buildPhases = (
				0F59535E2893557F00F4B258 /* Sources */,
				0F59535F2893557F00F4B258 /* Frameworks */,
				0F5953602893557F00F4B258 /* Resources */,
			);
			buildRules = (
			);
			dependencies = (
			);
			name = chatty;
			packageProductDependencies = (
				0F2343A328B2D2F000872586 /* SDWebImageSwiftUI */,
				0FDA6C3A291A0890001983CD /* FirebaseAuth */,
				0FDA6C3C291A0890001983CD /* FirebaseFirestore */,
				0FDA6C3E291A0890001983CD /* FirebaseFirestoreSwift */,
				0FDA6C40291A0890001983CD /* FirebaseStorage */,
			);
			productName = chatty;
			productReference = 0F5953622893557F00F4B258 /* chatty.app */;
			productType = "com.apple.product-type.application";
		};
/* End PBXNativeTarget section */

/* Begin PBXProject section */
		0F59535A2893557F00F4B258 /* Project object */ = {
			isa = PBXProject;
			attributes = {
				BuildIndependentTargetsInParallel = 1;
				LastSwiftUpdateCheck = 1340;
				LastUpgradeCheck = 1340;
				TargetAttributes = {
					0F5953612893557F00F4B258 = {
						CreatedOnToolsVersion = 13.4;
					};
				};
			};
			buildConfigurationList = 0F59535D2893557F00F4B258 /* Build configuration list for PBXProject "chatty" */;
			compatibilityVersion = "Xcode 13.0";
			developmentRegion = en;
			hasScannedForEncodings = 0;
			knownRegions = (
				en,
				Base,
			);
			mainGroup = 0F5953592893557F00F4B258;
			packageReferences = (
				0F2343A228B2D2F000872586 /* XCRemoteSwiftPackageReference "SDWebImageSwiftUI" */,
				0FDA6C39291A0890001983CD /* XCRemoteSwiftPackageReference "firebase-ios-sdk" */,
			);
			productRefGroup = 0F5953632893557F00F4B258 /* Products */;
			projectDirPath = "";
			projectRoot = "";
			targets = (
				0F5953612893557F00F4B258 /* chatty */,
			);
		};
/* End PBXProject section */

/* Begin PBXResourcesBuildPhase section */
		0F5953602893557F00F4B258 /* Resources */ = {
			isa = PBXResourcesBuildPhase;
			buildActionMask = 2147483647;
			files = (
				0F59536D2893558000F4B258 /* Preview Assets.xcassets in Resources */,
				0F59536A2893558000F4B258 /* Assets.xcassets in Resources */,
				0FC0929028D11425008EBF16 /* GoogleService-Info.plist in Resources */,
			);
			runOnlyForDeploymentPostprocessing = 0;
		};
/* End PBXResourcesBuildPhase section */

/* Begin PBXSourcesBuildPhase section */
		0F59535E2893557F00F4B258 /* Sources */ = {
			isa = PBXSourcesBuildPhase;
			buildActionMask = 2147483647;
			files = (
				0F50B443290B4B6C002E0D3B /* ChangeStatusView.swift in Sources */,
				0F1C669C291089FF0062F40A /* ChatUser.swift in Sources */,
				0FADF06428FA019200D4DEC5 /* ContactViewModel.swift in Sources */,
				0F5953762893653A00F4B258 /* SignUpView.swift in Sources */,
				0FF68E3F28A30ED300AE3FDA /* MainView.swift in Sources */,
				0F22A2222896FC7900012C08 /* ChatTableView.swift in Sources */,
				0F5D0FE028A1AC5000C5EE65 /* CurrentUser.swift in Sources */,
				0F8001EA28ECB69B00CA8265 /* AddContactViewModel.swift in Sources */,
				0F50B441290B4722002E0D3B /* ChangeUsernameView.swift in Sources */,
				0FBB6E6B29099A5C00B1BC98 /* ViewRouter.swift in Sources */,
				0FC19EEF28B0105700AE310D /* ContactUser.swift in Sources */,
				0FF1D94C289DC3CF00D7C5EF /* EditProfileView.swift in Sources */,
				0FF1D94E289DC44500D7C5EF /* SettingsView.swift in Sources */,
				0F59537428935F5200F4B258 /* SignInView.swift in Sources */,
				0F5953682893557F00F4B258 /* WelcomeView.swift in Sources */,
				0FF68E3D28A2BE0700AE3FDA /* ChangepasswordView.swift in Sources */,
				0F5D83332917754A000D598E /* NewMessageSheetViewModel.swift in Sources */,
				0F2D2DB82918691700CA289C /* ChatMessage.swift in Sources */,
				0FF68E3B28A2B8A400AE3FDA /* ImagePicker.swift in Sources */,
				0F7C2579289C7F660062EC25 /* ChatView.swift in Sources */,
				0FDEBC9D28B68BF8004FC8A0 /* AddContactView.swift in Sources */,
				0F1C669E2910A7740062F40A /* RecentMessage.swift in Sources */,
				0F7C2577289C572C0062EC25 /* ForgotPasswordView.swift in Sources */,
				0FBC8C2A28BBD37500EE45EE /* MainViewModel.swift in Sources */,
				0FBB6E672909997100B1BC98 /* MotherView.swift in Sources */,
				0F5953662893557F00F4B258 /* chattyApp.swift in Sources */,
				0F8001E828ECB30A00CA8265 /* ContactsViewModel.swift in Sources */,
				0F5933E82919D6EE00104D78 /* Extentions.swift in Sources */,
				0FEDA7C328EE34C400F1000D /* ChatTableViewModel.swift in Sources */,
				0FC19EED28B00BBA00AE310D /* ContactView.swift in Sources */,
				0FC0365328AED79500B6CAEB /* ContactsView.swift in Sources */,
				0F8001E628EC9E6600CA8265 /* Constant.swift in Sources */,
				0F9A4AAD28C122A100734709 /* ChatViewModel.swift in Sources */,
				0F7E2CB528B18715000EAF30 /* FirebaseManager.swift in Sources */,
				0F5D833129177489000D598E /* NewMessageSheetView.swift in Sources */,
			);
			runOnlyForDeploymentPostprocessing = 0;
		};
/* End PBXSourcesBuildPhase section */

/* Begin XCBuildConfiguration section */
		0F59536E2893558000F4B258 /* Debug */ = {
			isa = XCBuildConfiguration;
			buildSettings = {
				ALWAYS_SEARCH_USER_PATHS = NO;
				CLANG_ANALYZER_NONNULL = YES;
				CLANG_ANALYZER_NUMBER_OBJECT_CONVERSION = YES_AGGRESSIVE;
				CLANG_CXX_LANGUAGE_STANDARD = "gnu++17";
				CLANG_ENABLE_MODULES = YES;
				CLANG_ENABLE_OBJC_ARC = YES;
				CLANG_ENABLE_OBJC_WEAK = YES;
				CLANG_WARN_BLOCK_CAPTURE_AUTORELEASING = YES;
				CLANG_WARN_BOOL_CONVERSION = YES;
				CLANG_WARN_COMMA = YES;
				CLANG_WARN_CONSTANT_CONVERSION = YES;
				CLANG_WARN_DEPRECATED_OBJC_IMPLEMENTATIONS = YES;
				CLANG_WARN_DIRECT_OBJC_ISA_USAGE = YES_ERROR;
				CLANG_WARN_DOCUMENTATION_COMMENTS = YES;
				CLANG_WARN_EMPTY_BODY = YES;
				CLANG_WARN_ENUM_CONVERSION = YES;
				CLANG_WARN_INFINITE_RECURSION = YES;
				CLANG_WARN_INT_CONVERSION = YES;
				CLANG_WARN_NON_LITERAL_NULL_CONVERSION = YES;
				CLANG_WARN_OBJC_IMPLICIT_RETAIN_SELF = YES;
				CLANG_WARN_OBJC_LITERAL_CONVERSION = YES;
				CLANG_WARN_OBJC_ROOT_CLASS = YES_ERROR;
				CLANG_WARN_QUOTED_INCLUDE_IN_FRAMEWORK_HEADER = YES;
				CLANG_WARN_RANGE_LOOP_ANALYSIS = YES;
				CLANG_WARN_STRICT_PROTOTYPES = YES;
				CLANG_WARN_SUSPICIOUS_MOVE = YES;
				CLANG_WARN_UNGUARDED_AVAILABILITY = YES_AGGRESSIVE;
				CLANG_WARN_UNREACHABLE_CODE = YES;
				CLANG_WARN__DUPLICATE_METHOD_MATCH = YES;
				COPY_PHASE_STRIP = NO;
				DEBUG_INFORMATION_FORMAT = dwarf;
				ENABLE_STRICT_OBJC_MSGSEND = YES;
				ENABLE_TESTABILITY = YES;
				GCC_C_LANGUAGE_STANDARD = gnu11;
				GCC_DYNAMIC_NO_PIC = NO;
				GCC_NO_COMMON_BLOCKS = YES;
				GCC_OPTIMIZATION_LEVEL = 0;
				GCC_PREPROCESSOR_DEFINITIONS = (
					"DEBUG=1",
					"$(inherited)",
				);
				GCC_WARN_64_TO_32_BIT_CONVERSION = YES;
				GCC_WARN_ABOUT_RETURN_TYPE = YES_ERROR;
				GCC_WARN_UNDECLARED_SELECTOR = YES;
				GCC_WARN_UNINITIALIZED_AUTOS = YES_AGGRESSIVE;
				GCC_WARN_UNUSED_FUNCTION = YES;
				GCC_WARN_UNUSED_VARIABLE = YES;
				IPHONEOS_DEPLOYMENT_TARGET = 15.5;
				MTL_ENABLE_DEBUG_INFO = INCLUDE_SOURCE;
				MTL_FAST_MATH = YES;
				ONLY_ACTIVE_ARCH = YES;
				SDKROOT = iphoneos;
				SWIFT_ACTIVE_COMPILATION_CONDITIONS = DEBUG;
				SWIFT_OPTIMIZATION_LEVEL = "-Onone";
			};
			name = Debug;
		};
		0F59536F2893558000F4B258 /* Release */ = {
			isa = XCBuildConfiguration;
			buildSettings = {
				ALWAYS_SEARCH_USER_PATHS = NO;
				CLANG_ANALYZER_NONNULL = YES;
				CLANG_ANALYZER_NUMBER_OBJECT_CONVERSION = YES_AGGRESSIVE;
				CLANG_CXX_LANGUAGE_STANDARD = "gnu++17";
				CLANG_ENABLE_MODULES = YES;
				CLANG_ENABLE_OBJC_ARC = YES;
				CLANG_ENABLE_OBJC_WEAK = YES;
				CLANG_WARN_BLOCK_CAPTURE_AUTORELEASING = YES;
				CLANG_WARN_BOOL_CONVERSION = YES;
				CLANG_WARN_COMMA = YES;
				CLANG_WARN_CONSTANT_CONVERSION = YES;
				CLANG_WARN_DEPRECATED_OBJC_IMPLEMENTATIONS = YES;
				CLANG_WARN_DIRECT_OBJC_ISA_USAGE = YES_ERROR;
				CLANG_WARN_DOCUMENTATION_COMMENTS = YES;
				CLANG_WARN_EMPTY_BODY = YES;
				CLANG_WARN_ENUM_CONVERSION = YES;
				CLANG_WARN_INFINITE_RECURSION = YES;
				CLANG_WARN_INT_CONVERSION = YES;
				CLANG_WARN_NON_LITERAL_NULL_CONVERSION = YES;
				CLANG_WARN_OBJC_IMPLICIT_RETAIN_SELF = YES;
				CLANG_WARN_OBJC_LITERAL_CONVERSION = YES;
				CLANG_WARN_OBJC_ROOT_CLASS = YES_ERROR;
				CLANG_WARN_QUOTED_INCLUDE_IN_FRAMEWORK_HEADER = YES;
				CLANG_WARN_RANGE_LOOP_ANALYSIS = YES;
				CLANG_WARN_STRICT_PROTOTYPES = YES;
				CLANG_WARN_SUSPICIOUS_MOVE = YES;
				CLANG_WARN_UNGUARDED_AVAILABILITY = YES_AGGRESSIVE;
				CLANG_WARN_UNREACHABLE_CODE = YES;
				CLANG_WARN__DUPLICATE_METHOD_MATCH = YES;
				COPY_PHASE_STRIP = NO;
				DEBUG_INFORMATION_FORMAT = "dwarf-with-dsym";
				ENABLE_NS_ASSERTIONS = NO;
				ENABLE_STRICT_OBJC_MSGSEND = YES;
				GCC_C_LANGUAGE_STANDARD = gnu11;
				GCC_NO_COMMON_BLOCKS = YES;
				GCC_WARN_64_TO_32_BIT_CONVERSION = YES;
				GCC_WARN_ABOUT_RETURN_TYPE = YES_ERROR;
				GCC_WARN_UNDECLARED_SELECTOR = YES;
				GCC_WARN_UNINITIALIZED_AUTOS = YES_AGGRESSIVE;
				GCC_WARN_UNUSED_FUNCTION = YES;
				GCC_WARN_UNUSED_VARIABLE = YES;
				IPHONEOS_DEPLOYMENT_TARGET = 15.5;
				MTL_ENABLE_DEBUG_INFO = NO;
				MTL_FAST_MATH = YES;
				SDKROOT = iphoneos;
				SWIFT_COMPILATION_MODE = wholemodule;
				SWIFT_OPTIMIZATION_LEVEL = "-O";
				VALIDATE_PRODUCT = YES;
			};
			name = Release;
		};
		0F5953712893558000F4B258 /* Debug */ = {
			isa = XCBuildConfiguration;
			buildSettings = {
				ASSETCATALOG_COMPILER_APPICON_NAME = AppIcon;
				ASSETCATALOG_COMPILER_GLOBAL_ACCENT_COLOR_NAME = AccentColor;
				CODE_SIGN_STYLE = Automatic;
				CURRENT_PROJECT_VERSION = 1;
				DEVELOPMENT_ASSET_PATHS = "\"chatty/Preview Content\"";
				DEVELOPMENT_TEAM = 66MQ5QVH5G;
				ENABLE_PREVIEWS = YES;
				GENERATE_INFOPLIST_FILE = YES;
				INFOPLIST_FILE = chatty/Info.plist;
				INFOPLIST_KEY_UIApplicationSceneManifest_Generation = YES;
				INFOPLIST_KEY_UIApplicationSupportsIndirectInputEvents = YES;
				INFOPLIST_KEY_UILaunchScreen_Generation = YES;
				INFOPLIST_KEY_UISupportedInterfaceOrientations = UIInterfaceOrientationPortrait;
				INFOPLIST_KEY_UISupportedInterfaceOrientations_iPad = "UIInterfaceOrientationPortrait UIInterfaceOrientationPortraitUpsideDown UIInterfaceOrientationLandscapeLeft UIInterfaceOrientationLandscapeRight";
				INFOPLIST_KEY_UISupportedInterfaceOrientations_iPhone = "UIInterfaceOrientationPortrait UIInterfaceOrientationLandscapeLeft UIInterfaceOrientationLandscapeRight";
				IPHONEOS_DEPLOYMENT_TARGET = 15.5;
				LD_RUNPATH_SEARCH_PATHS = (
					"$(inherited)",
					"@executable_path/Frameworks",
				);
				MARKETING_VERSION = 1.0;
				PRODUCT_BUNDLE_IDENTIFIER = com.neginzahedi.chatty;
				PRODUCT_NAME = "$(TARGET_NAME)";
				SWIFT_EMIT_LOC_STRINGS = YES;
				SWIFT_VERSION = 5.0;
				TARGETED_DEVICE_FAMILY = 1;
			};
			name = Debug;
		};
		0F5953722893558000F4B258 /* Release */ = {
			isa = XCBuildConfiguration;
			buildSettings = {
				ASSETCATALOG_COMPILER_APPICON_NAME = AppIcon;
				ASSETCATALOG_COMPILER_GLOBAL_ACCENT_COLOR_NAME = AccentColor;
				CODE_SIGN_STYLE = Automatic;
				CURRENT_PROJECT_VERSION = 1;
				DEVELOPMENT_ASSET_PATHS = "\"chatty/Preview Content\"";
				DEVELOPMENT_TEAM = 66MQ5QVH5G;
				ENABLE_PREVIEWS = YES;
				GENERATE_INFOPLIST_FILE = YES;
				INFOPLIST_FILE = chatty/Info.plist;
				INFOPLIST_KEY_UIApplicationSceneManifest_Generation = YES;
				INFOPLIST_KEY_UIApplicationSupportsIndirectInputEvents = YES;
				INFOPLIST_KEY_UILaunchScreen_Generation = YES;
				INFOPLIST_KEY_UISupportedInterfaceOrientations = UIInterfaceOrientationPortrait;
				INFOPLIST_KEY_UISupportedInterfaceOrientations_iPad = "UIInterfaceOrientationPortrait UIInterfaceOrientationPortraitUpsideDown UIInterfaceOrientationLandscapeLeft UIInterfaceOrientationLandscapeRight";
				INFOPLIST_KEY_UISupportedInterfaceOrientations_iPhone = "UIInterfaceOrientationPortrait UIInterfaceOrientationLandscapeLeft UIInterfaceOrientationLandscapeRight";
				IPHONEOS_DEPLOYMENT_TARGET = 15.5;
				LD_RUNPATH_SEARCH_PATHS = (
					"$(inherited)",
					"@executable_path/Frameworks",
				);
				MARKETING_VERSION = 1.0;
				PRODUCT_BUNDLE_IDENTIFIER = com.neginzahedi.chatty;
				PRODUCT_NAME = "$(TARGET_NAME)";
				SWIFT_EMIT_LOC_STRINGS = YES;
				SWIFT_VERSION = 5.0;
				TARGETED_DEVICE_FAMILY = 1;
			};
			name = Release;
		};
/* End XCBuildConfiguration section */

/* Begin XCConfigurationList section */
		0F59535D2893557F00F4B258 /* Build configuration list for PBXProject "chatty" */ = {
			isa = XCConfigurationList;
			buildConfigurations = (
				0F59536E2893558000F4B258 /* Debug */,
				0F59536F2893558000F4B258 /* Release */,
			);
			defaultConfigurationIsVisible = 0;
			defaultConfigurationName = Release;
		};
		0F5953702893558000F4B258 /* Build configuration list for PBXNativeTarget "chatty" */ = {
			isa = XCConfigurationList;
			buildConfigurations = (
				0F5953712893558000F4B258 /* Debug */,
				0F5953722893558000F4B258 /* Release */,
			);
			defaultConfigurationIsVisible = 0;
			defaultConfigurationName = Release;
		};
/* End XCConfigurationList section */

/* Begin XCRemoteSwiftPackageReference section */
		0F2343A228B2D2F000872586 /* XCRemoteSwiftPackageReference "SDWebImageSwiftUI" */ = {
			isa = XCRemoteSwiftPackageReference;
			repositoryURL = "https://github.com/SDWebImage/SDWebImageSwiftUI.git";
			requirement = {
				kind = upToNextMajorVersion;
				minimumVersion = 2.0.0;
			};
		};
		0FDA6C39291A0890001983CD /* XCRemoteSwiftPackageReference "firebase-ios-sdk" */ = {
			isa = XCRemoteSwiftPackageReference;
			repositoryURL = "https://github.com/firebase/firebase-ios-sdk";
			requirement = {
				kind = upToNextMajorVersion;
				minimumVersion = 9.0.0;
			};
		};
/* End XCRemoteSwiftPackageReference section */

/* Begin XCSwiftPackageProductDependency section */
		0F2343A328B2D2F000872586 /* SDWebImageSwiftUI */ = {
			isa = XCSwiftPackageProductDependency;
			package = 0F2343A228B2D2F000872586 /* XCRemoteSwiftPackageReference "SDWebImageSwiftUI" */;
			productName = SDWebImageSwiftUI;
		};
		0FDA6C3A291A0890001983CD /* FirebaseAuth */ = {
			isa = XCSwiftPackageProductDependency;
			package = 0FDA6C39291A0890001983CD /* XCRemoteSwiftPackageReference "firebase-ios-sdk" */;
			productName = FirebaseAuth;
		};
		0FDA6C3C291A0890001983CD /* FirebaseFirestore */ = {
			isa = XCSwiftPackageProductDependency;
			package = 0FDA6C39291A0890001983CD /* XCRemoteSwiftPackageReference "firebase-ios-sdk" */;
			productName = FirebaseFirestore;
		};
		0FDA6C3E291A0890001983CD /* FirebaseFirestoreSwift */ = {
			isa = XCSwiftPackageProductDependency;
			package = 0FDA6C39291A0890001983CD /* XCRemoteSwiftPackageReference "firebase-ios-sdk" */;
			productName = FirebaseFirestoreSwift;
		};
		0FDA6C40291A0890001983CD /* FirebaseStorage */ = {
			isa = XCSwiftPackageProductDependency;
			package = 0FDA6C39291A0890001983CD /* XCRemoteSwiftPackageReference "firebase-ios-sdk" */;
			productName = FirebaseStorage;
		};
/* End XCSwiftPackageProductDependency section */
	};
	rootObject = 0F59535A2893557F00F4B258 /* Project object */;
}
